// !$*UTF8*$!
{
	archiveVersion = 1;
	classes = {
	};
	objectVersion = 50;
	objects = {

/* Begin PBXBuildFile section */
		9867B6E023039A2E006EFB4C /* AppDelegate.swift in Sources */ = {isa = PBXBuildFile; fileRef = 9867B6DF23039A2E006EFB4C /* AppDelegate.swift */; };
		9867B6E223039A2E006EFB4C /* ViewController.swift in Sources */ = {isa = PBXBuildFile; fileRef = 9867B6E123039A2E006EFB4C /* ViewController.swift */; };
		9867B6E523039A2E006EFB4C /* Main.storyboard in Resources */ = {isa = PBXBuildFile; fileRef = 9867B6E323039A2E006EFB4C /* Main.storyboard */; };
		9867B6E823039A2E006EFB4C /* ToDo3.xcdatamodeld in Sources */ = {isa = PBXBuildFile; fileRef = 9867B6E623039A2E006EFB4C /* ToDo3.xcdatamodeld */; };
		9867B6EA23039A30006EFB4C /* Assets.xcassets in Resources */ = {isa = PBXBuildFile; fileRef = 9867B6E923039A30006EFB4C /* Assets.xcassets */; };
		9867B6ED23039A30006EFB4C /* LaunchScreen.storyboard in Resources */ = {isa = PBXBuildFile; fileRef = 9867B6EB23039A30006EFB4C /* LaunchScreen.storyboard */; };
		9867B6F823039A30006EFB4C /* ToDo3Tests.swift in Sources */ = {isa = PBXBuildFile; fileRef = 9867B6F723039A30006EFB4C /* ToDo3Tests.swift */; };
		9867B70323039A30006EFB4C /* ToDo3UITests.swift in Sources */ = {isa = PBXBuildFile; fileRef = 9867B70223039A30006EFB4C /* ToDo3UITests.swift */; };
		9867B7112304DD3D006EFB4C /* ItemCellTableViewCell.swift in Sources */ = {isa = PBXBuildFile; fileRef = 9867B7102304DD3D006EFB4C /* ItemCellTableViewCell.swift */; };
		9867B7132304F31D006EFB4C /* PersistentService.swift in Sources */ = {isa = PBXBuildFile; fileRef = 9867B7122304F31D006EFB4C /* PersistentService.swift */; };
		986D22622308889E00EA27A6 /* CoreDataTests.swift in Sources */ = {isa = PBXBuildFile; fileRef = 986D22612308889E00EA27A6 /* CoreDataTests.swift */; };
		986D22692308AD9400EA27A6 /* ToDo3.xcdatamodeld in Sources */ = {isa = PBXBuildFile; fileRef = 9867B6E623039A2E006EFB4C /* ToDo3.xcdatamodeld */; };
/* End PBXBuildFile section */

/* Begin PBXContainerItemProxy section */
		9867B6F423039A30006EFB4C /* PBXContainerItemProxy */ = {
			isa = PBXContainerItemProxy;
			containerPortal = 9867B6D423039A2E006EFB4C /* Project object */;
			proxyType = 1;
			remoteGlobalIDString = 9867B6DB23039A2E006EFB4C;
			remoteInfo = ToDo3;
		};
		9867B6FF23039A30006EFB4C /* PBXContainerItemProxy */ = {
			isa = PBXContainerItemProxy;
			containerPortal = 9867B6D423039A2E006EFB4C /* Project object */;
			proxyType = 1;
			remoteGlobalIDString = 9867B6DB23039A2E006EFB4C;
			remoteInfo = ToDo3;
		};
		986D22642308889E00EA27A6 /* PBXContainerItemProxy */ = {
			isa = PBXContainerItemProxy;
			containerPortal = 9867B6D423039A2E006EFB4C /* Project object */;
			proxyType = 1;
			remoteGlobalIDString = 9867B6DB23039A2E006EFB4C;
			remoteInfo = ToDo3;
		};
/* End PBXContainerItemProxy section */

/* Begin PBXFileReference section */
		9867B6DC23039A2E006EFB4C /* ToDo3.app */ = {isa = PBXFileReference; explicitFileType = wrapper.application; includeInIndex = 0; path = ToDo3.app; sourceTree = BUILT_PRODUCTS_DIR; };
		9867B6DF23039A2E006EFB4C /* AppDelegate.swift */ = {isa = PBXFileReference; lastKnownFileType = sourcecode.swift; path = AppDelegate.swift; sourceTree = "<group>"; };
		9867B6E123039A2E006EFB4C /* ViewController.swift */ = {isa = PBXFileReference; lastKnownFileType = sourcecode.swift; path = ViewController.swift; sourceTree = "<group>"; };
		9867B6E423039A2E006EFB4C /* Base */ = {isa = PBXFileReference; lastKnownFileType = file.storyboard; name = Base; path = Base.lproj/Main.storyboard; sourceTree = "<group>"; };
		9867B6E723039A2E006EFB4C /* ToDo3.xcdatamodel */ = {isa = PBXFileReference; lastKnownFileType = wrapper.xcdatamodel; path = ToDo3.xcdatamodel; sourceTree = "<group>"; };
		9867B6E923039A30006EFB4C /* Assets.xcassets */ = {isa = PBXFileReference; lastKnownFileType = folder.assetcatalog; path = Assets.xcassets; sourceTree = "<group>"; };
		9867B6EC23039A30006EFB4C /* Base */ = {isa = PBXFileReference; lastKnownFileType = file.storyboard; name = Base; path = Base.lproj/LaunchScreen.storyboard; sourceTree = "<group>"; };
		9867B6EE23039A30006EFB4C /* Info.plist */ = {isa = PBXFileReference; lastKnownFileType = text.plist.xml; path = Info.plist; sourceTree = "<group>"; };
		9867B6F323039A30006EFB4C /* ToDo3Tests.xctest */ = {isa = PBXFileReference; explicitFileType = wrapper.cfbundle; includeInIndex = 0; path = ToDo3Tests.xctest; sourceTree = BUILT_PRODUCTS_DIR; };
		9867B6F723039A30006EFB4C /* ToDo3Tests.swift */ = {isa = PBXFileReference; lastKnownFileType = sourcecode.swift; path = ToDo3Tests.swift; sourceTree = "<group>"; };
		9867B6F923039A30006EFB4C /* Info.plist */ = {isa = PBXFileReference; lastKnownFileType = text.plist.xml; path = Info.plist; sourceTree = "<group>"; };
		9867B6FE23039A30006EFB4C /* ToDo3UITests.xctest */ = {isa = PBXFileReference; explicitFileType = wrapper.cfbundle; includeInIndex = 0; path = ToDo3UITests.xctest; sourceTree = BUILT_PRODUCTS_DIR; };
		9867B70223039A30006EFB4C /* ToDo3UITests.swift */ = {isa = PBXFileReference; lastKnownFileType = sourcecode.swift; path = ToDo3UITests.swift; sourceTree = "<group>"; };
		9867B70423039A30006EFB4C /* Info.plist */ = {isa = PBXFileReference; lastKnownFileType = text.plist.xml; path = Info.plist; sourceTree = "<group>"; };
		9867B7102304DD3D006EFB4C /* ItemCellTableViewCell.swift */ = {isa = PBXFileReference; lastKnownFileType = sourcecode.swift; path = ItemCellTableViewCell.swift; sourceTree = "<group>"; };
		9867B7122304F31D006EFB4C /* PersistentService.swift */ = {isa = PBXFileReference; lastKnownFileType = sourcecode.swift; path = PersistentService.swift; sourceTree = "<group>"; };
		986D225F2308889E00EA27A6 /* CoreDataTests.xctest */ = {isa = PBXFileReference; explicitFileType = wrapper.cfbundle; includeInIndex = 0; path = CoreDataTests.xctest; sourceTree = BUILT_PRODUCTS_DIR; };
		986D22612308889E00EA27A6 /* CoreDataTests.swift */ = {isa = PBXFileReference; lastKnownFileType = sourcecode.swift; path = CoreDataTests.swift; sourceTree = "<group>"; };
		986D22632308889E00EA27A6 /* Info.plist */ = {isa = PBXFileReference; lastKnownFileType = text.plist.xml; path = Info.plist; sourceTree = "<group>"; };
/* End PBXFileReference section */

/* Begin PBXFrameworksBuildPhase section */
		9867B6D923039A2E006EFB4C /* Frameworks */ = {
			isa = PBXFrameworksBuildPhase;
			buildActionMask = 2147483647;
			files = (
			);
			runOnlyForDeploymentPostprocessing = 0;
		};
		9867B6F023039A30006EFB4C /* Frameworks */ = {
			isa = PBXFrameworksBuildPhase;
			buildActionMask = 2147483647;
			files = (
			);
			runOnlyForDeploymentPostprocessing = 0;
		};
		9867B6FB23039A30006EFB4C /* Frameworks */ = {
			isa = PBXFrameworksBuildPhase;
			buildActionMask = 2147483647;
			files = (
			);
			runOnlyForDeploymentPostprocessing = 0;
		};
		986D225C2308889E00EA27A6 /* Frameworks */ = {
			isa = PBXFrameworksBuildPhase;
			buildActionMask = 2147483647;
			files = (
			);
			runOnlyForDeploymentPostprocessing = 0;
		};
/* End PBXFrameworksBuildPhase section */

/* Begin PBXGroup section */
		9867B6D323039A2E006EFB4C = {
			isa = PBXGroup;
			children = (
				9867B6DE23039A2E006EFB4C /* ToDo3 */,
				9867B6F623039A30006EFB4C /* ToDo3Tests */,
				9867B70123039A30006EFB4C /* ToDo3UITests */,
				986D22602308889E00EA27A6 /* CoreDataTests */,
				9867B6DD23039A2E006EFB4C /* Products */,
			);
			sourceTree = "<group>";
		};
		9867B6DD23039A2E006EFB4C /* Products */ = {
			isa = PBXGroup;
			children = (
				9867B6DC23039A2E006EFB4C /* ToDo3.app */,
				9867B6F323039A30006EFB4C /* ToDo3Tests.xctest */,
				9867B6FE23039A30006EFB4C /* ToDo3UITests.xctest */,
				986D225F2308889E00EA27A6 /* CoreDataTests.xctest */,
			);
			name = Products;
			sourceTree = "<group>";
		};
		9867B6DE23039A2E006EFB4C /* ToDo3 */ = {
			isa = PBXGroup;
			children = (
				9867B6DF23039A2E006EFB4C /* AppDelegate.swift */,
				9867B6E123039A2E006EFB4C /* ViewController.swift */,
				9867B7122304F31D006EFB4C /* PersistentService.swift */,
				9867B6E323039A2E006EFB4C /* Main.storyboard */,
				9867B6E923039A30006EFB4C /* Assets.xcassets */,
				9867B6EB23039A30006EFB4C /* LaunchScreen.storyboard */,
				9867B6EE23039A30006EFB4C /* Info.plist */,
				9867B6E623039A2E006EFB4C /* ToDo3.xcdatamodeld */,
				9867B7102304DD3D006EFB4C /* ItemCellTableViewCell.swift */,
			);
			path = ToDo3;
			sourceTree = "<group>";
		};
		9867B6F623039A30006EFB4C /* ToDo3Tests */ = {
			isa = PBXGroup;
			children = (
				9867B6F723039A30006EFB4C /* ToDo3Tests.swift */,
				9867B6F923039A30006EFB4C /* Info.plist */,
			);
			path = ToDo3Tests;
			sourceTree = "<group>";
		};
		9867B70123039A30006EFB4C /* ToDo3UITests */ = {
			isa = PBXGroup;
			children = (
				9867B70223039A30006EFB4C /* ToDo3UITests.swift */,
				9867B70423039A30006EFB4C /* Info.plist */,
			);
			path = ToDo3UITests;
			sourceTree = "<group>";
		};
		986D22602308889E00EA27A6 /* CoreDataTests */ = {
			isa = PBXGroup;
			children = (
				986D22612308889E00EA27A6 /* CoreDataTests.swift */,
				986D22632308889E00EA27A6 /* Info.plist */,
			);
			path = CoreDataTests;
			sourceTree = "<group>";
		};
/* End PBXGroup section */

/* Begin PBXNativeTarget section */
		9867B6DB23039A2E006EFB4C /* ToDo3 */ = {
			isa = PBXNativeTarget;
			buildConfigurationList = 9867B70723039A30006EFB4C /* Build configuration list for PBXNativeTarget "ToDo3" */;
			buildPhases = (
				9867B6D823039A2E006EFB4C /* Sources */,
				9867B6D923039A2E006EFB4C /* Frameworks */,
				9867B6DA23039A2E006EFB4C /* Resources */,
			);
			buildRules = (
			);
			dependencies = (
			);
			name = ToDo3;
			productName = ToDo3;
			productReference = 9867B6DC23039A2E006EFB4C /* ToDo3.app */;
			productType = "com.apple.product-type.application";
		};
		9867B6F223039A30006EFB4C /* ToDo3Tests */ = {
			isa = PBXNativeTarget;
			buildConfigurationList = 9867B70A23039A30006EFB4C /* Build configuration list for PBXNativeTarget "ToDo3Tests" */;
			buildPhases = (
				9867B6EF23039A30006EFB4C /* Sources */,
				9867B6F023039A30006EFB4C /* Frameworks */,
				9867B6F123039A30006EFB4C /* Resources */,
			);
			buildRules = (
			);
			dependencies = (
				9867B6F523039A30006EFB4C /* PBXTargetDependency */,
			);
			name = ToDo3Tests;
			productName = ToDo3Tests;
			productReference = 9867B6F323039A30006EFB4C /* ToDo3Tests.xctest */;
			productType = "com.apple.product-type.bundle.unit-test";
		};
		9867B6FD23039A30006EFB4C /* ToDo3UITests */ = {
			isa = PBXNativeTarget;
			buildConfigurationList = 9867B70D23039A30006EFB4C /* Build configuration list for PBXNativeTarget "ToDo3UITests" */;
			buildPhases = (
				9867B6FA23039A30006EFB4C /* Sources */,
				9867B6FB23039A30006EFB4C /* Frameworks */,
				9867B6FC23039A30006EFB4C /* Resources */,
			);
			buildRules = (
			);
			dependencies = (
				9867B70023039A30006EFB4C /* PBXTargetDependency */,
			);
			name = ToDo3UITests;
			productName = ToDo3UITests;
			productReference = 9867B6FE23039A30006EFB4C /* ToDo3UITests.xctest */;
			productType = "com.apple.product-type.bundle.ui-testing";
		};
		986D225E2308889E00EA27A6 /* CoreDataTests */ = {
			isa = PBXNativeTarget;
			buildConfigurationList = 986D22682308889E00EA27A6 /* Build configuration list for PBXNativeTarget "CoreDataTests" */;
			buildPhases = (
				986D225B2308889E00EA27A6 /* Sources */,
				986D225C2308889E00EA27A6 /* Frameworks */,
				986D225D2308889E00EA27A6 /* Resources */,
			);
			buildRules = (
			);
			dependencies = (
				986D22652308889E00EA27A6 /* PBXTargetDependency */,
			);
			name = CoreDataTests;
			productName = CoreDataTests;
			productReference = 986D225F2308889E00EA27A6 /* CoreDataTests.xctest */;
			productType = "com.apple.product-type.bundle.unit-test";
		};
/* End PBXNativeTarget section */

/* Begin PBXProject section */
		9867B6D423039A2E006EFB4C /* Project object */ = {
			isa = PBXProject;
			attributes = {
				LastSwiftUpdateCheck = 1020;
				LastUpgradeCheck = 1020;
				ORGANIZATIONNAME = "Greg Alton";
				TargetAttributes = {
					9867B6DB23039A2E006EFB4C = {
						CreatedOnToolsVersion = 10.2.1;
					};
					9867B6F223039A30006EFB4C = {
						CreatedOnToolsVersion = 10.2.1;
						TestTargetID = 9867B6DB23039A2E006EFB4C;
					};
					9867B6FD23039A30006EFB4C = {
						CreatedOnToolsVersion = 10.2.1;
						TestTargetID = 9867B6DB23039A2E006EFB4C;
					};
					986D225E2308889E00EA27A6 = {
						CreatedOnToolsVersion = 10.2.1;
						TestTargetID = 9867B6DB23039A2E006EFB4C;
					};
				};
			};
			buildConfigurationList = 9867B6D723039A2E006EFB4C /* Build configuration list for PBXProject "ToDo3" */;
			compatibilityVersion = "Xcode 9.3";
			developmentRegion = en;
			hasScannedForEncodings = 0;
			knownRegions = (
				en,
				Base,
			);
			mainGroup = 9867B6D323039A2E006EFB4C;
			productRefGroup = 9867B6DD23039A2E006EFB4C /* Products */;
			projectDirPath = "";
			projectRoot = "";
			targets = (
				9867B6DB23039A2E006EFB4C /* ToDo3 */,
				9867B6F223039A30006EFB4C /* ToDo3Tests */,
				9867B6FD23039A30006EFB4C /* ToDo3UITests */,
				986D225E2308889E00EA27A6 /* CoreDataTests */,
			);
		};
/* End PBXProject section */

/* Begin PBXResourcesBuildPhase section */
		9867B6DA23039A2E006EFB4C /* Resources */ = {
			isa = PBXResourcesBuildPhase;
			buildActionMask = 2147483647;
			files = (
				9867B6ED23039A30006EFB4C /* LaunchScreen.storyboard in Resources */,
				9867B6EA23039A30006EFB4C /* Assets.xcassets in Resources */,
				9867B6E523039A2E006EFB4C /* Main.storyboard in Resources */,
			);
			runOnlyForDeploymentPostprocessing = 0;
		};
		9867B6F123039A30006EFB4C /* Resources */ = {
			isa = PBXResourcesBuildPhase;
			buildActionMask = 2147483647;
			files = (
			);
			runOnlyForDeploymentPostprocessing = 0;
		};
		9867B6FC23039A30006EFB4C /* Resources */ = {
			isa = PBXResourcesBuildPhase;
			buildActionMask = 2147483647;
			files = (
			);
			runOnlyForDeploymentPostprocessing = 0;
		};
		986D225D2308889E00EA27A6 /* Resources */ = {
			isa = PBXResourcesBuildPhase;
			buildActionMask = 2147483647;
			files = (
			);
			runOnlyForDeploymentPostprocessing = 0;
		};
/* End PBXResourcesBuildPhase section */

/* Begin PBXSourcesBuildPhase section */
		9867B6D823039A2E006EFB4C /* Sources */ = {
			isa = PBXSourcesBuildPhase;
			buildActionMask = 2147483647;
			files = (
				9867B7112304DD3D006EFB4C /* ItemCellTableViewCell.swift in Sources */,
				9867B6E823039A2E006EFB4C /* ToDo3.xcdatamodeld in Sources */,
				9867B7132304F31D006EFB4C /* PersistentService.swift in Sources */,
				9867B6E223039A2E006EFB4C /* ViewController.swift in Sources */,
				9867B6E023039A2E006EFB4C /* AppDelegate.swift in Sources */,
			);
			runOnlyForDeploymentPostprocessing = 0;
		};
		9867B6EF23039A30006EFB4C /* Sources */ = {
			isa = PBXSourcesBuildPhase;
			buildActionMask = 2147483647;
			files = (
				9867B6F823039A30006EFB4C /* ToDo3Tests.swift in Sources */,
			);
			runOnlyForDeploymentPostprocessing = 0;
		};
		9867B6FA23039A30006EFB4C /* Sources */ = {
			isa = PBXSourcesBuildPhase;
			buildActionMask = 2147483647;
			files = (
				9867B70323039A30006EFB4C /* ToDo3UITests.swift in Sources */,
			);
			runOnlyForDeploymentPostprocessing = 0;
		};
		986D225B2308889E00EA27A6 /* Sources */ = {
			isa = PBXSourcesBuildPhase;
			buildActionMask = 2147483647;
			files = (
				986D22622308889E00EA27A6 /* CoreDataTests.swift in Sources */,
				986D22692308AD9400EA27A6 /* ToDo3.xcdatamodeld in Sources */,
			);
			runOnlyForDeploymentPostprocessing = 0;
		};
/* End PBXSourcesBuildPhase section */

/* Begin PBXTargetDependency section */
		9867B6F523039A30006EFB4C /* PBXTargetDependency */ = {
			isa = PBXTargetDependency;
			target = 9867B6DB23039A2E006EFB4C /* ToDo3 */;
			targetProxy = 9867B6F423039A30006EFB4C /* PBXContainerItemProxy */;
		};
		9867B70023039A30006EFB4C /* PBXTargetDependency */ = {
			isa = PBXTargetDependency;
			target = 9867B6DB23039A2E006EFB4C /* ToDo3 */;
			targetProxy = 9867B6FF23039A30006EFB4C /* PBXContainerItemProxy */;
		};
		986D22652308889E00EA27A6 /* PBXTargetDependency */ = {
			isa = PBXTargetDependency;
			target = 9867B6DB23039A2E006EFB4C /* ToDo3 */;
			targetProxy = 986D22642308889E00EA27A6 /* PBXContainerItemProxy */;
		};
/* End PBXTargetDependency section */

/* Begin PBXVariantGroup section */
		9867B6E323039A2E006EFB4C /* Main.storyboard */ = {
			isa = PBXVariantGroup;
			children = (
				9867B6E423039A2E006EFB4C /* Base */,
			);
			name = Main.storyboard;
			sourceTree = "<group>";
		};
		9867B6EB23039A30006EFB4C /* LaunchScreen.storyboard */ = {
			isa = PBXVariantGroup;
			children = (
				9867B6EC23039A30006EFB4C /* Base */,
			);
			name = LaunchScreen.storyboard;
			sourceTree = "<group>";
		};
/* End PBXVariantGroup section */

/* Begin XCBuildConfiguration section */
		9867B70523039A30006EFB4C /* Debug */ = {
			isa = XCBuildConfiguration;
			buildSettings = {
				ALWAYS_SEARCH_USER_PATHS = NO;
				CLANG_ANALYZER_NONNULL = YES;
				CLANG_ANALYZER_NUMBER_OBJECT_CONVERSION = YES_AGGRESSIVE;
				CLANG_CXX_LANGUAGE_STANDARD = "gnu++14";
				CLANG_CXX_LIBRARY = "libc++";
				CLANG_ENABLE_MODULES = YES;
				CLANG_ENABLE_OBJC_ARC = YES;
				CLANG_ENABLE_OBJC_WEAK = YES;
				CLANG_WARN_BLOCK_CAPTURE_AUTORELEASING = YES;
				CLANG_WARN_BOOL_CONVERSION = YES;
				CLANG_WARN_COMMA = YES;
				CLANG_WARN_CONSTANT_CONVERSION = YES;
				CLANG_WARN_DEPRECATED_OBJC_IMPLEMENTATIONS = YES;
				CLANG_WARN_DIRECT_OBJC_ISA_USAGE = YES_ERROR;
				CLANG_WARN_DOCUMENTATION_COMMENTS = YES;
				CLANG_WARN_EMPTY_BODY = YES;
				CLANG_WARN_ENUM_CONVERSION = YES;
				CLANG_WARN_INFINITE_RECURSION = YES;
				CLANG_WARN_INT_CONVERSION = YES;
				CLANG_WARN_NON_LITERAL_NULL_CONVERSION = YES;
				CLANG_WARN_OBJC_IMPLICIT_RETAIN_SELF = YES;
				CLANG_WARN_OBJC_LITERAL_CONVERSION = YES;
				CLANG_WARN_OBJC_ROOT_CLASS = YES_ERROR;
				CLANG_WARN_RANGE_LOOP_ANALYSIS = YES;
				CLANG_WARN_STRICT_PROTOTYPES = YES;
				CLANG_WARN_SUSPICIOUS_MOVE = YES;
				CLANG_WARN_UNGUARDED_AVAILABILITY = YES_AGGRESSIVE;
				CLANG_WARN_UNREACHABLE_CODE = YES;
				CLANG_WARN__DUPLICATE_METHOD_MATCH = YES;
				CODE_SIGN_IDENTITY = "iPhone Developer";
				COPY_PHASE_STRIP = NO;
				DEBUG_INFORMATION_FORMAT = dwarf;
				ENABLE_STRICT_OBJC_MSGSEND = YES;
				ENABLE_TESTABILITY = YES;
				GCC_C_LANGUAGE_STANDARD = gnu11;
				GCC_DYNAMIC_NO_PIC = NO;
				GCC_NO_COMMON_BLOCKS = YES;
				GCC_OPTIMIZATION_LEVEL = 0;
				GCC_PREPROCESSOR_DEFINITIONS = (
					"DEBUG=1",
					"$(inherited)",
				);
				GCC_WARN_64_TO_32_BIT_CONVERSION = YES;
				GCC_WARN_ABOUT_RETURN_TYPE = YES_ERROR;
				GCC_WARN_UNDECLARED_SELECTOR = YES;
				GCC_WARN_UNINITIALIZED_AUTOS = YES_AGGRESSIVE;
				GCC_WARN_UNUSED_FUNCTION = YES;
				GCC_WARN_UNUSED_VARIABLE = YES;
				IPHONEOS_DEPLOYMENT_TARGET = 12.2;
				MTL_ENABLE_DEBUG_INFO = INCLUDE_SOURCE;
				MTL_FAST_MATH = YES;
				ONLY_ACTIVE_ARCH = YES;
				SDKROOT = iphoneos;
				SWIFT_ACTIVE_COMPILATION_CONDITIONS = DEBUG;
				SWIFT_OPTIMIZATION_LEVEL = "-Onone";
			};
			name = Debug;
		};
		9867B70623039A30006EFB4C /* Release */ = {
			isa = XCBuildConfiguration;
			buildSettings = {
				ALWAYS_SEARCH_USER_PATHS = NO;
				CLANG_ANALYZER_NONNULL = YES;
				CLANG_ANALYZER_NUMBER_OBJECT_CONVERSION = YES_AGGRESSIVE;
				CLANG_CXX_LANGUAGE_STANDARD = "gnu++14";
				CLANG_CXX_LIBRARY = "libc++";
				CLANG_ENABLE_MODULES = YES;
				CLANG_ENABLE_OBJC_ARC = YES;
				CLANG_ENABLE_OBJC_WEAK = YES;
				CLANG_WARN_BLOCK_CAPTURE_AUTORELEASING = YES;
				CLANG_WARN_BOOL_CONVERSION = YES;
				CLANG_WARN_COMMA = YES;
				CLANG_WARN_CONSTANT_CONVERSION = YES;
				CLANG_WARN_DEPRECATED_OBJC_IMPLEMENTATIONS = YES;
				CLANG_WARN_DIRECT_OBJC_ISA_USAGE = YES_ERROR;
				CLANG_WARN_DOCUMENTATION_COMMENTS = YES;
				CLANG_WARN_EMPTY_BODY = YES;
				CLANG_WARN_ENUM_CONVERSION = YES;
				CLANG_WARN_INFINITE_RECURSION = YES;
				CLANG_WARN_INT_CONVERSION = YES;
				CLANG_WARN_NON_LITERAL_NULL_CONVERSION = YES;
				CLANG_WARN_OBJC_IMPLICIT_RETAIN_SELF = YES;
				CLANG_WARN_OBJC_LITERAL_CONVERSION = YES;
				CLANG_WARN_OBJC_ROOT_CLASS = YES_ERROR;
				CLANG_WARN_RANGE_LOOP_ANALYSIS = YES;
				CLANG_WARN_STRICT_PROTOTYPES = YES;
				CLANG_WARN_SUSPICIOUS_MOVE = YES;
				CLANG_WARN_UNGUARDED_AVAILABILITY = YES_AGGRESSIVE;
				CLANG_WARN_UNREACHABLE_CODE = YES;
				CLANG_WARN__DUPLICATE_METHOD_MATCH = YES;
				CODE_SIGN_IDENTITY = "iPhone Developer";
				COPY_PHASE_STRIP = NO;
				DEBUG_INFORMATION_FORMAT = "dwarf-with-dsym";
				ENABLE_NS_ASSERTIONS = NO;
				ENABLE_STRICT_OBJC_MSGSEND = YES;
				GCC_C_LANGUAGE_STANDARD = gnu11;
				GCC_NO_COMMON_BLOCKS = YES;
				GCC_WARN_64_TO_32_BIT_CONVERSION = YES;
				GCC_WARN_ABOUT_RETURN_TYPE = YES_ERROR;
				GCC_WARN_UNDECLARED_SELECTOR = YES;
				GCC_WARN_UNINITIALIZED_AUTOS = YES_AGGRESSIVE;
				GCC_WARN_UNUSED_FUNCTION = YES;
				GCC_WARN_UNUSED_VARIABLE = YES;
				IPHONEOS_DEPLOYMENT_TARGET = 12.2;
				MTL_ENABLE_DEBUG_INFO = NO;
				MTL_FAST_MATH = YES;
				SDKROOT = iphoneos;
				SWIFT_COMPILATION_MODE = wholemodule;
				SWIFT_OPTIMIZATION_LEVEL = "-O";
				VALIDATE_PRODUCT = YES;
			};
			name = Release;
		};
		9867B70823039A30006EFB4C /* Debug */ = {
			isa = XCBuildConfiguration;
			buildSettings = {
				ASSETCATALOG_COMPILER_APPICON_NAME = AppIcon;
				CODE_SIGN_STYLE = Automatic;
				DEVELOPMENT_TEAM = 3DRYSXRY2F;
				INFOPLIST_FILE = ToDo3/Info.plist;
				LD_RUNPATH_SEARCH_PATHS = (
					"$(inherited)",
					"@executable_path/Frameworks",
				);
				PRODUCT_BUNDLE_IDENTIFIER = com.marketingmeody.ToDo3;
				PRODUCT_NAME = "$(TARGET_NAME)";
				SWIFT_VERSION = 5.0;
				TARGETED_DEVICE_FAMILY = "1,2";
			};
			name = Debug;
		};
		9867B70923039A30006EFB4C /* Release */ = {
			isa = XCBuildConfiguration;
			buildSettings = {
				ASSETCATALOG_COMPILER_APPICON_NAME = AppIcon;
				CODE_SIGN_STYLE = Automatic;
				DEVELOPMENT_TEAM = 3DRYSXRY2F;
				INFOPLIST_FILE = ToDo3/Info.plist;
				LD_RUNPATH_SEARCH_PATHS = (
					"$(inherited)",
					"@executable_path/Frameworks",
				);
				PRODUCT_BUNDLE_IDENTIFIER = com.marketingmeody.ToDo3;
				PRODUCT_NAME = "$(TARGET_NAME)";
				SWIFT_VERSION = 5.0;
				TARGETED_DEVICE_FAMILY = "1,2";
			};
			name = Release;
		};
		9867B70B23039A30006EFB4C /* Debug */ = {
			isa = XCBuildConfiguration;
			buildSettings = {
				ALWAYS_EMBED_SWIFT_STANDARD_LIBRARIES = YES;
				BUNDLE_LOADER = "$(TEST_HOST)";
				CODE_SIGN_STYLE = Automatic;
				INFOPLIST_FILE = ToDo3Tests/Info.plist;
				LD_RUNPATH_SEARCH_PATHS = (
					"$(inherited)",
					"@executable_path/Frameworks",
					"@loader_path/Frameworks",
				);
				PRODUCT_BUNDLE_IDENTIFIER = com.marketingmeody.ToDo3Tests;
				PRODUCT_NAME = "$(TARGET_NAME)";
				SWIFT_VERSION = 5.0;
				TARGETED_DEVICE_FAMILY = "1,2";
				TEST_HOST = "$(BUILT_PRODUCTS_DIR)/ToDo3.app/ToDo3";
			};
			name = Debug;
		};
		9867B70C23039A30006EFB4C /* Release */ = {
			isa = XCBuildConfiguration;
			buildSettings = {
				ALWAYS_EMBED_SWIFT_STANDARD_LIBRARIES = YES;
				BUNDLE_LOADER = "$(TEST_HOST)";
				CODE_SIGN_STYLE = Automatic;
				INFOPLIST_FILE = ToDo3Tests/Info.plist;
				LD_RUNPATH_SEARCH_PATHS = (
					"$(inherited)",
					"@executable_path/Frameworks",
					"@loader_path/Frameworks",
				);
				PRODUCT_BUNDLE_IDENTIFIER = com.marketingmeody.ToDo3Tests;
				PRODUCT_NAME = "$(TARGET_NAME)";
				SWIFT_VERSION = 5.0;
				TARGETED_DEVICE_FAMILY = "1,2";
				TEST_HOST = "$(BUILT_PRODUCTS_DIR)/ToDo3.app/ToDo3";
			};
			name = Release;
		};
		9867B70E23039A30006EFB4C /* Debug */ = {
			isa = XCBuildConfiguration;
			buildSettings = {
				ALWAYS_EMBED_SWIFT_STANDARD_LIBRARIES = YES;
				CODE_SIGN_STYLE = Automatic;
				INFOPLIST_FILE = ToDo3UITests/Info.plist;
				LD_RUNPATH_SEARCH_PATHS = (
					"$(inherited)",
					"@executable_path/Frameworks",
					"@loader_path/Frameworks",
				);
				PRODUCT_BUNDLE_IDENTIFIER = com.marketingmeody.ToDo3UITests;
				PRODUCT_NAME = "$(TARGET_NAME)";
				SWIFT_VERSION = 5.0;
				TARGETED_DEVICE_FAMILY = "1,2";
				TEST_TARGET_NAME = ToDo3;
			};
			name = Debug;
		};
		9867B70F23039A30006EFB4C /* Release */ = {
			isa = XCBuildConfiguration;
			buildSettings = {
				ALWAYS_EMBED_SWIFT_STANDARD_LIBRARIES = YES;
				CODE_SIGN_STYLE = Automatic;
				INFOPLIST_FILE = ToDo3UITests/Info.plist;
				LD_RUNPATH_SEARCH_PATHS = (
					"$(inherited)",
					"@executable_path/Frameworks",
					"@loader_path/Frameworks",
				);
				PRODUCT_BUNDLE_IDENTIFIER = com.marketingmeody.ToDo3UITests;
				PRODUCT_NAME = "$(TARGET_NAME)";
				SWIFT_VERSION = 5.0;
				TARGETED_DEVICE_FAMILY = "1,2";
				TEST_TARGET_NAME = ToDo3;
			};
			name = Release;
		};
		986D22662308889E00EA27A6 /* Debug */ = {
			isa = XCBuildConfiguration;
			buildSettings = {
				BUNDLE_LOADER = "$(TEST_HOST)";
				CODE_SIGN_STYLE = Automatic;
				INFOPLIST_FILE = CoreDataTests/Info.plist;
				LD_RUNPATH_SEARCH_PATHS = (
					"$(inherited)",
					"@executable_path/Frameworks",
					"@loader_path/Frameworks",
				);
				PRODUCT_BUNDLE_IDENTIFIER = com.marketingmeody.CoreDataTests;
				PRODUCT_NAME = "$(TARGET_NAME)";
				SWIFT_VERSION = 5.0;
				TARGETED_DEVICE_FAMILY = "1,2";
				TEST_HOST = "$(BUILT_PRODUCTS_DIR)/ToDo3.app/ToDo3";
			};
			name = Debug;
		};
		986D22672308889E00EA27A6 /* Release */ = {
			isa = XCBuildConfiguration;
			buildSettings = {
				BUNDLE_LOADER = "$(TEST_HOST)";
				CODE_SIGN_STYLE = Automatic;
				INFOPLIST_FILE = CoreDataTests/Info.plist;
				LD_RUNPATH_SEARCH_PATHS = (
					"$(inherited)",
					"@executable_path/Frameworks",
					"@loader_path/Frameworks",
				);
				PRODUCT_BUNDLE_IDENTIFIER = com.marketingmeody.CoreDataTests;
				PRODUCT_NAME = "$(TARGET_NAME)";
				SWIFT_VERSION = 5.0;
				TARGETED_DEVICE_FAMILY = "1,2";
				TEST_HOST = "$(BUILT_PRODUCTS_DIR)/ToDo3.app/ToDo3";
			};
			name = Release;
		};
/* End XCBuildConfiguration section */

/* Begin XCConfigurationList section */
		9867B6D723039A2E006EFB4C /* Build configuration list for PBXProject "ToDo3" */ = {
			isa = XCConfigurationList;
			buildConfigurations = (
				9867B70523039A30006EFB4C /* Debug */,
				9867B70623039A30006EFB4C /* Release */,
			);
			defaultConfigurationIsVisible = 0;
			defaultConfigurationName = Release;
		};
		9867B70723039A30006EFB4C /* Build configuration list for PBXNativeTarget "ToDo3" */ = {
			isa = XCConfigurationList;
			buildConfigurations = (
				9867B70823039A30006EFB4C /* Debug */,
				9867B70923039A30006EFB4C /* Release */,
			);
			defaultConfigurationIsVisible = 0;
			defaultConfigurationName = Release;
		};
		9867B70A23039A30006EFB4C /* Build configuration list for PBXNativeTarget "ToDo3Tests" */ = {
			isa = XCConfigurationList;
			buildConfigurations = (
				9867B70B23039A30006EFB4C /* Debug */,
				9867B70C23039A30006EFB4C /* Release */,
			);
			defaultConfigurationIsVisible = 0;
			defaultConfigurationName = Release;
		};
		9867B70D23039A30006EFB4C /* Build configuration list for PBXNativeTarget "ToDo3UITests" */ = {
			isa = XCConfigurationList;
			buildConfigurations = (
				9867B70E23039A30006EFB4C /* Debug */,
				9867B70F23039A30006EFB4C /* Release */,
			);
			defaultConfigurationIsVisible = 0;
			defaultConfigurationName = Release;
		};
		986D22682308889E00EA27A6 /* Build configuration list for PBXNativeTarget "CoreDataTests" */ = {
			isa = XCConfigurationList;
			buildConfigurations = (
				986D22662308889E00EA27A6 /* Debug */,
				986D22672308889E00EA27A6 /* Release */,
			);
			defaultConfigurationIsVisible = 0;
			defaultConfigurationName = Release;
		};
/* End XCConfigurationList section */

/* Begin XCVersionGroup section */
		9867B6E623039A2E006EFB4C /* ToDo3.xcdatamodeld */ = {
			isa = XCVersionGroup;
			children = (
				9867B6E723039A2E006EFB4C /* ToDo3.xcdatamodel */,
			);
			currentVersion = 9867B6E723039A2E006EFB4C /* ToDo3.xcdatamodel */;
			path = ToDo3.xcdatamodeld;
			sourceTree = "<group>";
			versionGroupType = wrapper.xcdatamodel;
		};
/* End XCVersionGroup section */
	};
	rootObject = 9867B6D423039A2E006EFB4C /* Project object */;
}
